// !$*UTF8*$!
{
	archiveVersion = 1;
	classes = {
	};
	objectVersion = 51;
	objects = {

/* Begin PBXBuildFile section */
		2A1940E3D0B152419256A5E5 /* Pods_FootballLeague_FootballLeagueUITests.framework in Frameworks */ = {isa = PBXBuildFile; fileRef = BBDC4A826EB80FC8EDD31259 /* Pods_FootballLeague_FootballLeagueUITests.framework */; };
		446AF1672551E37F001184D4 /* AppDelegate.swift in Sources */ = {isa = PBXBuildFile; fileRef = 446AF1662551E37F001184D4 /* AppDelegate.swift */; };
		446AF1702551E380001184D4 /* Assets.xcassets in Resources */ = {isa = PBXBuildFile; fileRef = 446AF16F2551E380001184D4 /* Assets.xcassets */; };
		446AF1732551E380001184D4 /* LaunchScreen.storyboard in Resources */ = {isa = PBXBuildFile; fileRef = 446AF1712551E380001184D4 /* LaunchScreen.storyboard */; };
		446AF17E2551E380001184D4 /* FootballLeagueTests.swift in Sources */ = {isa = PBXBuildFile; fileRef = 446AF17D2551E380001184D4 /* FootballLeagueTests.swift */; };
		446AF1892551E380001184D4 /* FootballLeagueUITests.swift in Sources */ = {isa = PBXBuildFile; fileRef = 446AF1882551E380001184D4 /* FootballLeagueUITests.swift */; };
		44D8311B2551F04B0013FF4D /* Request.swift in Sources */ = {isa = PBXBuildFile; fileRef = 44D831192551F04B0013FF4D /* Request.swift */; };
		44D8311C2551F04B0013FF4D /* Router.swift in Sources */ = {isa = PBXBuildFile; fileRef = 44D8311A2551F04B0013FF4D /* Router.swift */; };
		44D831342551F1440013FF4D /* TeamsViewController.swift in Sources */ = {isa = PBXBuildFile; fileRef = 44D831322551F1440013FF4D /* TeamsViewController.swift */; };
		44D831352551F1440013FF4D /* TeamsViewController.xib in Resources */ = {isa = PBXBuildFile; fileRef = 44D831332551F1440013FF4D /* TeamsViewController.xib */; };
		44D8313C2551F35F0013FF4D /* TeamCollectionCell.swift in Sources */ = {isa = PBXBuildFile; fileRef = 44D8313A2551F35F0013FF4D /* TeamCollectionCell.swift */; };
		44D8313D2551F35F0013FF4D /* TeamCollectionCell.xib in Resources */ = {isa = PBXBuildFile; fileRef = 44D8313B2551F35F0013FF4D /* TeamCollectionCell.xib */; };
		44D831442551F4820013FF4D /* Team.swift in Sources */ = {isa = PBXBuildFile; fileRef = 44D831432551F4820013FF4D /* Team.swift */; };
		44D8314A2551F5420013FF4D /* ActivityIndicator.swift in Sources */ = {isa = PBXBuildFile; fileRef = 44D831492551F5420013FF4D /* ActivityIndicator.swift */; };
		5E1079C9CDCAF99E2BDB1B7D /* Pods_FootballLeague.framework in Frameworks */ = {isa = PBXBuildFile; fileRef = 65A70AF1F28ADF1D5390FEE6 /* Pods_FootballLeague.framework */; };
		6F7CFF6EB14039EF65702E24 /* Pods_FootballLeagueTests.framework in Frameworks */ = {isa = PBXBuildFile; fileRef = 7792D08AD9C0AF9B706B7CD7 /* Pods_FootballLeagueTests.framework */; };
/* End PBXBuildFile section */

/* Begin PBXContainerItemProxy section */
		446AF17A2551E380001184D4 /* PBXContainerItemProxy */ = {
			isa = PBXContainerItemProxy;
			containerPortal = 446AF15B2551E37F001184D4 /* Project object */;
			proxyType = 1;
			remoteGlobalIDString = 446AF1622551E37F001184D4;
			remoteInfo = FootballLeague;
		};
		446AF1852551E380001184D4 /* PBXContainerItemProxy */ = {
			isa = PBXContainerItemProxy;
			containerPortal = 446AF15B2551E37F001184D4 /* Project object */;
			proxyType = 1;
			remoteGlobalIDString = 446AF1622551E37F001184D4;
			remoteInfo = FootballLeague;
		};
/* End PBXContainerItemProxy section */

/* Begin PBXFileReference section */
		4348DA1D090C8090C437D4F5 /* Pods-FootballLeague-FootballLeagueUITests.debug.xcconfig */ = {isa = PBXFileReference; includeInIndex = 1; lastKnownFileType = text.xcconfig; name = "Pods-FootballLeague-FootballLeagueUITests.debug.xcconfig"; path = "Target Support Files/Pods-FootballLeague-FootballLeagueUITests/Pods-FootballLeague-FootballLeagueUITests.debug.xcconfig"; sourceTree = "<group>"; };
		446AF1632551E37F001184D4 /* FootballLeague.app */ = {isa = PBXFileReference; explicitFileType = wrapper.application; includeInIndex = 0; path = FootballLeague.app; sourceTree = BUILT_PRODUCTS_DIR; };
		446AF1662551E37F001184D4 /* AppDelegate.swift */ = {isa = PBXFileReference; lastKnownFileType = sourcecode.swift; path = AppDelegate.swift; sourceTree = "<group>"; };
		446AF16F2551E380001184D4 /* Assets.xcassets */ = {isa = PBXFileReference; lastKnownFileType = folder.assetcatalog; path = Assets.xcassets; sourceTree = "<group>"; };
		446AF1722551E380001184D4 /* Base */ = {isa = PBXFileReference; lastKnownFileType = file.storyboard; name = Base; path = Base.lproj/LaunchScreen.storyboard; sourceTree = "<group>"; };
		446AF1742551E380001184D4 /* Info.plist */ = {isa = PBXFileReference; lastKnownFileType = text.plist.xml; path = Info.plist; sourceTree = "<group>"; };
		446AF1792551E380001184D4 /* FootballLeagueTests.xctest */ = {isa = PBXFileReference; explicitFileType = wrapper.cfbundle; includeInIndex = 0; path = FootballLeagueTests.xctest; sourceTree = BUILT_PRODUCTS_DIR; };
		446AF17D2551E380001184D4 /* FootballLeagueTests.swift */ = {isa = PBXFileReference; lastKnownFileType = sourcecode.swift; path = FootballLeagueTests.swift; sourceTree = "<group>"; };
		446AF17F2551E380001184D4 /* Info.plist */ = {isa = PBXFileReference; lastKnownFileType = text.plist.xml; path = Info.plist; sourceTree = "<group>"; };
		446AF1842551E380001184D4 /* FootballLeagueUITests.xctest */ = {isa = PBXFileReference; explicitFileType = wrapper.cfbundle; includeInIndex = 0; path = FootballLeagueUITests.xctest; sourceTree = BUILT_PRODUCTS_DIR; };
		446AF1882551E380001184D4 /* FootballLeagueUITests.swift */ = {isa = PBXFileReference; lastKnownFileType = sourcecode.swift; path = FootballLeagueUITests.swift; sourceTree = "<group>"; };
		446AF18A2551E380001184D4 /* Info.plist */ = {isa = PBXFileReference; lastKnownFileType = text.plist.xml; path = Info.plist; sourceTree = "<group>"; };
		44D831192551F04B0013FF4D /* Request.swift */ = {isa = PBXFileReference; fileEncoding = 4; lastKnownFileType = sourcecode.swift; path = Request.swift; sourceTree = "<group>"; };
		44D8311A2551F04B0013FF4D /* Router.swift */ = {isa = PBXFileReference; fileEncoding = 4; lastKnownFileType = sourcecode.swift; path = Router.swift; sourceTree = "<group>"; };
		44D831322551F1440013FF4D /* TeamsViewController.swift */ = {isa = PBXFileReference; lastKnownFileType = sourcecode.swift; path = TeamsViewController.swift; sourceTree = "<group>"; };
		44D831332551F1440013FF4D /* TeamsViewController.xib */ = {isa = PBXFileReference; lastKnownFileType = file.xib; path = TeamsViewController.xib; sourceTree = "<group>"; };
		44D8313A2551F35F0013FF4D /* TeamCollectionCell.swift */ = {isa = PBXFileReference; lastKnownFileType = sourcecode.swift; path = TeamCollectionCell.swift; sourceTree = "<group>"; };
		44D8313B2551F35F0013FF4D /* TeamCollectionCell.xib */ = {isa = PBXFileReference; lastKnownFileType = file.xib; path = TeamCollectionCell.xib; sourceTree = "<group>"; };
		44D831432551F4820013FF4D /* Team.swift */ = {isa = PBXFileReference; lastKnownFileType = sourcecode.swift; path = Team.swift; sourceTree = "<group>"; };
		44D831492551F5420013FF4D /* ActivityIndicator.swift */ = {isa = PBXFileReference; lastKnownFileType = sourcecode.swift; path = ActivityIndicator.swift; sourceTree = "<group>"; };
		52507B5952BC994972D167E8 /* Pods-FootballLeagueTests.release.xcconfig */ = {isa = PBXFileReference; includeInIndex = 1; lastKnownFileType = text.xcconfig; name = "Pods-FootballLeagueTests.release.xcconfig"; path = "Target Support Files/Pods-FootballLeagueTests/Pods-FootballLeagueTests.release.xcconfig"; sourceTree = "<group>"; };
		65A70AF1F28ADF1D5390FEE6 /* Pods_FootballLeague.framework */ = {isa = PBXFileReference; explicitFileType = wrapper.framework; includeInIndex = 0; path = Pods_FootballLeague.framework; sourceTree = BUILT_PRODUCTS_DIR; };
		7792D08AD9C0AF9B706B7CD7 /* Pods_FootballLeagueTests.framework */ = {isa = PBXFileReference; explicitFileType = wrapper.framework; includeInIndex = 0; path = Pods_FootballLeagueTests.framework; sourceTree = BUILT_PRODUCTS_DIR; };
		89FF69BFF7163D73CD9D50C1 /* Pods-FootballLeague-FootballLeagueUITests.release.xcconfig */ = {isa = PBXFileReference; includeInIndex = 1; lastKnownFileType = text.xcconfig; name = "Pods-FootballLeague-FootballLeagueUITests.release.xcconfig"; path = "Target Support Files/Pods-FootballLeague-FootballLeagueUITests/Pods-FootballLeague-FootballLeagueUITests.release.xcconfig"; sourceTree = "<group>"; };
		A08615DCD57E6D603AD30737 /* Pods-FootballLeagueTests.debug.xcconfig */ = {isa = PBXFileReference; includeInIndex = 1; lastKnownFileType = text.xcconfig; name = "Pods-FootballLeagueTests.debug.xcconfig"; path = "Target Support Files/Pods-FootballLeagueTests/Pods-FootballLeagueTests.debug.xcconfig"; sourceTree = "<group>"; };
		BBDC4A826EB80FC8EDD31259 /* Pods_FootballLeague_FootballLeagueUITests.framework */ = {isa = PBXFileReference; explicitFileType = wrapper.framework; includeInIndex = 0; path = Pods_FootballLeague_FootballLeagueUITests.framework; sourceTree = BUILT_PRODUCTS_DIR; };
		E25AF9FE040284F7ABE76B1F /* Pods-FootballLeague.debug.xcconfig */ = {isa = PBXFileReference; includeInIndex = 1; lastKnownFileType = text.xcconfig; name = "Pods-FootballLeague.debug.xcconfig"; path = "Target Support Files/Pods-FootballLeague/Pods-FootballLeague.debug.xcconfig"; sourceTree = "<group>"; };
		F6C1246FC95D7D63D479C1FB /* Pods-FootballLeague.release.xcconfig */ = {isa = PBXFileReference; includeInIndex = 1; lastKnownFileType = text.xcconfig; name = "Pods-FootballLeague.release.xcconfig"; path = "Target Support Files/Pods-FootballLeague/Pods-FootballLeague.release.xcconfig"; sourceTree = "<group>"; };
/* End PBXFileReference section */

/* Begin PBXFrameworksBuildPhase section */
		446AF1602551E37F001184D4 /* Frameworks */ = {
			isa = PBXFrameworksBuildPhase;
			buildActionMask = 2147483647;
			files = (
				5E1079C9CDCAF99E2BDB1B7D /* Pods_FootballLeague.framework in Frameworks */,
			);
			runOnlyForDeploymentPostprocessing = 0;
		};
		446AF1762551E380001184D4 /* Frameworks */ = {
			isa = PBXFrameworksBuildPhase;
			buildActionMask = 2147483647;
			files = (
				6F7CFF6EB14039EF65702E24 /* Pods_FootballLeagueTests.framework in Frameworks */,
			);
			runOnlyForDeploymentPostprocessing = 0;
		};
		446AF1812551E380001184D4 /* Frameworks */ = {
			isa = PBXFrameworksBuildPhase;
			buildActionMask = 2147483647;
			files = (
				2A1940E3D0B152419256A5E5 /* Pods_FootballLeague_FootballLeagueUITests.framework in Frameworks */,
			);
			runOnlyForDeploymentPostprocessing = 0;
		};
/* End PBXFrameworksBuildPhase section */

/* Begin PBXGroup section */
		446AF15A2551E37F001184D4 = {
			isa = PBXGroup;
			children = (
				446AF1652551E37F001184D4 /* FootballLeague */,
				446AF17C2551E380001184D4 /* FootballLeagueTests */,
				446AF1872551E380001184D4 /* FootballLeagueUITests */,
				446AF1642551E37F001184D4 /* Products */,
				CC73200B43A4E7E1F827FA6A /* Pods */,
				C0556A680535E4421AD7052E /* Frameworks */,
			);
			sourceTree = "<group>";
		};
		446AF1642551E37F001184D4 /* Products */ = {
			isa = PBXGroup;
			children = (
				446AF1632551E37F001184D4 /* FootballLeague.app */,
				446AF1792551E380001184D4 /* FootballLeagueTests.xctest */,
				446AF1842551E380001184D4 /* FootballLeagueUITests.xctest */,
			);
			name = Products;
			sourceTree = "<group>";
		};
		446AF1652551E37F001184D4 /* FootballLeague */ = {
			isa = PBXGroup;
			children = (
				44D8312D2551F1140013FF4D /* UI */,
				44D831202551F05C0013FF4D /* Utilities */,
				44D831182551F04B0013FF4D /* Network */,
				446AF1662551E37F001184D4 /* AppDelegate.swift */,
				446AF16F2551E380001184D4 /* Assets.xcassets */,
				446AF1712551E380001184D4 /* LaunchScreen.storyboard */,
				446AF1742551E380001184D4 /* Info.plist */,
			);
			path = FootballLeague;
			sourceTree = "<group>";
		};
		446AF17C2551E380001184D4 /* FootballLeagueTests */ = {
			isa = PBXGroup;
			children = (
				446AF17D2551E380001184D4 /* FootballLeagueTests.swift */,
				446AF17F2551E380001184D4 /* Info.plist */,
			);
			path = FootballLeagueTests;
			sourceTree = "<group>";
		};
		446AF1872551E380001184D4 /* FootballLeagueUITests */ = {
			isa = PBXGroup;
			children = (
				446AF1882551E380001184D4 /* FootballLeagueUITests.swift */,
				446AF18A2551E380001184D4 /* Info.plist */,
			);
			path = FootballLeagueUITests;
			sourceTree = "<group>";
		};
		44D831182551F04B0013FF4D /* Network */ = {
			isa = PBXGroup;
			children = (
				44D831192551F04B0013FF4D /* Request.swift */,
				44D8311A2551F04B0013FF4D /* Router.swift */,
			);
			path = Network;
			sourceTree = "<group>";
		};
		44D831202551F05C0013FF4D /* Utilities */ = {
			isa = PBXGroup;
			children = (
				44D831492551F5420013FF4D /* ActivityIndicator.swift */,
			);
			path = Utilities;
			sourceTree = "<group>";
		};
		44D8312D2551F1140013FF4D /* UI */ = {
			isa = PBXGroup;
			children = (
				44D8312E2551F1200013FF4D /* Teams */,
			);
			path = UI;
			sourceTree = "<group>";
		};
		44D8312E2551F1200013FF4D /* Teams */ = {
			isa = PBXGroup;
			children = (
				44D831312551F1310013FF4D /* Model */,
				44D831302551F12D0013FF4D /* View */,
				44D8312F2551F1280013FF4D /* Controller */,
			);
			path = Teams;
			sourceTree = "<group>";
		};
		44D8312F2551F1280013FF4D /* Controller */ = {
			isa = PBXGroup;
			children = (
				44D831322551F1440013FF4D /* TeamsViewController.swift */,
				44D831332551F1440013FF4D /* TeamsViewController.xib */,
			);
			path = Controller;
			sourceTree = "<group>";
		};
		44D831302551F12D0013FF4D /* View */ = {
			isa = PBXGroup;
			children = (
				44D8313A2551F35F0013FF4D /* TeamCollectionCell.swift */,
				44D8313B2551F35F0013FF4D /* TeamCollectionCell.xib */,
			);
			path = View;
			sourceTree = "<group>";
		};
		44D831312551F1310013FF4D /* Model */ = {
			isa = PBXGroup;
			children = (
				44D831432551F4820013FF4D /* Team.swift */,
			);
			path = Model;
			sourceTree = "<group>";
		};
		C0556A680535E4421AD7052E /* Frameworks */ = {
			isa = PBXGroup;
			children = (
				65A70AF1F28ADF1D5390FEE6 /* Pods_FootballLeague.framework */,
				BBDC4A826EB80FC8EDD31259 /* Pods_FootballLeague_FootballLeagueUITests.framework */,
				7792D08AD9C0AF9B706B7CD7 /* Pods_FootballLeagueTests.framework */,
			);
			name = Frameworks;
			sourceTree = "<group>";
		};
		CC73200B43A4E7E1F827FA6A /* Pods */ = {
			isa = PBXGroup;
			children = (
				E25AF9FE040284F7ABE76B1F /* Pods-FootballLeague.debug.xcconfig */,
				F6C1246FC95D7D63D479C1FB /* Pods-FootballLeague.release.xcconfig */,
				4348DA1D090C8090C437D4F5 /* Pods-FootballLeague-FootballLeagueUITests.debug.xcconfig */,
				89FF69BFF7163D73CD9D50C1 /* Pods-FootballLeague-FootballLeagueUITests.release.xcconfig */,
				A08615DCD57E6D603AD30737 /* Pods-FootballLeagueTests.debug.xcconfig */,
				52507B5952BC994972D167E8 /* Pods-FootballLeagueTests.release.xcconfig */,
			);
			path = Pods;
			sourceTree = "<group>";
		};
/* End PBXGroup section */

/* Begin PBXNativeTarget section */
		446AF1622551E37F001184D4 /* FootballLeague */ = {
			isa = PBXNativeTarget;
			buildConfigurationList = 446AF18D2551E380001184D4 /* Build configuration list for PBXNativeTarget "FootballLeague" */;
			buildPhases = (
				13FD1C7D52F315C731B71EBA /* [CP] Check Pods Manifest.lock */,
				446AF15F2551E37F001184D4 /* Sources */,
				446AF1602551E37F001184D4 /* Frameworks */,
				446AF1612551E37F001184D4 /* Resources */,
				4ED8F1F149DC3C6859876DCD /* [CP] Embed Pods Frameworks */,
			);
			buildRules = (
			);
			dependencies = (
			);
			name = FootballLeague;
			productName = FootballLeague;
			productReference = 446AF1632551E37F001184D4 /* FootballLeague.app */;
			productType = "com.apple.product-type.application";
		};
		446AF1782551E380001184D4 /* FootballLeagueTests */ = {
			isa = PBXNativeTarget;
			buildConfigurationList = 446AF1902551E380001184D4 /* Build configuration list for PBXNativeTarget "FootballLeagueTests" */;
			buildPhases = (
				19CD38593C01EFAA589C93DC /* [CP] Check Pods Manifest.lock */,
				446AF1752551E380001184D4 /* Sources */,
				446AF1762551E380001184D4 /* Frameworks */,
				446AF1772551E380001184D4 /* Resources */,
			);
			buildRules = (
			);
			dependencies = (
				446AF17B2551E380001184D4 /* PBXTargetDependency */,
			);
			name = FootballLeagueTests;
			productName = FootballLeagueTests;
			productReference = 446AF1792551E380001184D4 /* FootballLeagueTests.xctest */;
			productType = "com.apple.product-type.bundle.unit-test";
		};
		446AF1832551E380001184D4 /* FootballLeagueUITests */ = {
			isa = PBXNativeTarget;
			buildConfigurationList = 446AF1932551E380001184D4 /* Build configuration list for PBXNativeTarget "FootballLeagueUITests" */;
			buildPhases = (
				A81186789C710CC1F63CF4C0 /* [CP] Check Pods Manifest.lock */,
				446AF1802551E380001184D4 /* Sources */,
				446AF1812551E380001184D4 /* Frameworks */,
				446AF1822551E380001184D4 /* Resources */,
				704E087E5FB11973D8B85C23 /* [CP] Embed Pods Frameworks */,
			);
			buildRules = (
			);
			dependencies = (
				446AF1862551E380001184D4 /* PBXTargetDependency */,
			);
			name = FootballLeagueUITests;
			productName = FootballLeagueUITests;
			productReference = 446AF1842551E380001184D4 /* FootballLeagueUITests.xctest */;
			productType = "com.apple.product-type.bundle.ui-testing";
		};
/* End PBXNativeTarget section */

/* Begin PBXProject section */
		446AF15B2551E37F001184D4 /* Project object */ = {
			isa = PBXProject;
			attributes = {
				LastSwiftUpdateCheck = 1200;
				LastUpgradeCheck = 1200;
				TargetAttributes = {
					446AF1622551E37F001184D4 = {
						CreatedOnToolsVersion = 12.0;
					};
					446AF1782551E380001184D4 = {
						CreatedOnToolsVersion = 12.0;
						TestTargetID = 446AF1622551E37F001184D4;
					};
					446AF1832551E380001184D4 = {
						CreatedOnToolsVersion = 12.0;
						TestTargetID = 446AF1622551E37F001184D4;
					};
				};
			};
			buildConfigurationList = 446AF15E2551E37F001184D4 /* Build configuration list for PBXProject "FootballLeague" */;
			compatibilityVersion = "Xcode 9.3";
			developmentRegion = en;
			hasScannedForEncodings = 0;
			knownRegions = (
				en,
				Base,
			);
			mainGroup = 446AF15A2551E37F001184D4;
			productRefGroup = 446AF1642551E37F001184D4 /* Products */;
			projectDirPath = "";
			projectRoot = "";
			targets = (
				446AF1622551E37F001184D4 /* FootballLeague */,
				446AF1782551E380001184D4 /* FootballLeagueTests */,
				446AF1832551E380001184D4 /* FootballLeagueUITests */,
			);
		};
/* End PBXProject section */

/* Begin PBXResourcesBuildPhase section */
		446AF1612551E37F001184D4 /* Resources */ = {
			isa = PBXResourcesBuildPhase;
			buildActionMask = 2147483647;
			files = (
				446AF1732551E380001184D4 /* LaunchScreen.storyboard in Resources */,
				446AF1702551E380001184D4 /* Assets.xcassets in Resources */,
				44D8313D2551F35F0013FF4D /* TeamCollectionCell.xib in Resources */,
				44D831352551F1440013FF4D /* TeamsViewController.xib in Resources */,
			);
			runOnlyForDeploymentPostprocessing = 0;
		};
		446AF1772551E380001184D4 /* Resources */ = {
			isa = PBXResourcesBuildPhase;
			buildActionMask = 2147483647;
			files = (
			);
			runOnlyForDeploymentPostprocessing = 0;
		};
		446AF1822551E380001184D4 /* Resources */ = {
			isa = PBXResourcesBuildPhase;
			buildActionMask = 2147483647;
			files = (
			);
			runOnlyForDeploymentPostprocessing = 0;
		};
/* End PBXResourcesBuildPhase section */

/* Begin PBXShellScriptBuildPhase section */
		13FD1C7D52F315C731B71EBA /* [CP] Check Pods Manifest.lock */ = {
			isa = PBXShellScriptBuildPhase;
			buildActionMask = 2147483647;
			files = (
			);
			inputFileListPaths = (
			);
			inputPaths = (
				"${PODS_PODFILE_DIR_PATH}/Podfile.lock",
				"${PODS_ROOT}/Manifest.lock",
			);
			name = "[CP] Check Pods Manifest.lock";
			outputFileListPaths = (
			);
			outputPaths = (
				"$(DERIVED_FILE_DIR)/Pods-FootballLeague-checkManifestLockResult.txt",
			);
			runOnlyForDeploymentPostprocessing = 0;
			shellPath = /bin/sh;
			shellScript = "diff \"${PODS_PODFILE_DIR_PATH}/Podfile.lock\" \"${PODS_ROOT}/Manifest.lock\" > /dev/null\nif [ $? != 0 ] ; then\n    # print error to STDERR\n    echo \"error: The sandbox is not in sync with the Podfile.lock. Run 'pod install' or update your CocoaPods installation.\" >&2\n    exit 1\nfi\n# This output is used by Xcode 'outputs' to avoid re-running this script phase.\necho \"SUCCESS\" > \"${SCRIPT_OUTPUT_FILE_0}\"\n";
			showEnvVarsInLog = 0;
		};
		19CD38593C01EFAA589C93DC /* [CP] Check Pods Manifest.lock */ = {
			isa = PBXShellScriptBuildPhase;
			buildActionMask = 2147483647;
			files = (
			);
			inputFileListPaths = (
			);
			inputPaths = (
				"${PODS_PODFILE_DIR_PATH}/Podfile.lock",
				"${PODS_ROOT}/Manifest.lock",
			);
			name = "[CP] Check Pods Manifest.lock";
			outputFileListPaths = (
			);
			outputPaths = (
				"$(DERIVED_FILE_DIR)/Pods-FootballLeagueTests-checkManifestLockResult.txt",
			);
			runOnlyForDeploymentPostprocessing = 0;
			shellPath = /bin/sh;
			shellScript = "diff \"${PODS_PODFILE_DIR_PATH}/Podfile.lock\" \"${PODS_ROOT}/Manifest.lock\" > /dev/null\nif [ $? != 0 ] ; then\n    # print error to STDERR\n    echo \"error: The sandbox is not in sync with the Podfile.lock. Run 'pod install' or update your CocoaPods installation.\" >&2\n    exit 1\nfi\n# This output is used by Xcode 'outputs' to avoid re-running this script phase.\necho \"SUCCESS\" > \"${SCRIPT_OUTPUT_FILE_0}\"\n";
			showEnvVarsInLog = 0;
		};
		4ED8F1F149DC3C6859876DCD /* [CP] Embed Pods Frameworks */ = {
			isa = PBXShellScriptBuildPhase;
			buildActionMask = 2147483647;
			files = (
			);
			inputFileListPaths = (
				"${PODS_ROOT}/Target Support Files/Pods-FootballLeague/Pods-FootballLeague-frameworks-${CONFIGURATION}-input-files.xcfilelist",
			);
			name = "[CP] Embed Pods Frameworks";
			outputFileListPaths = (
				"${PODS_ROOT}/Target Support Files/Pods-FootballLeague/Pods-FootballLeague-frameworks-${CONFIGURATION}-output-files.xcfilelist",
			);
			runOnlyForDeploymentPostprocessing = 0;
			shellPath = /bin/sh;
			shellScript = "\"${PODS_ROOT}/Target Support Files/Pods-FootballLeague/Pods-FootballLeague-frameworks.sh\"\n";
			showEnvVarsInLog = 0;
		};
		704E087E5FB11973D8B85C23 /* [CP] Embed Pods Frameworks */ = {
			isa = PBXShellScriptBuildPhase;
			buildActionMask = 2147483647;
			files = (
			);
			inputFileListPaths = (
				"${PODS_ROOT}/Target Support Files/Pods-FootballLeague-FootballLeagueUITests/Pods-FootballLeague-FootballLeagueUITests-frameworks-${CONFIGURATION}-input-files.xcfilelist",
			);
			name = "[CP] Embed Pods Frameworks";
			outputFileListPaths = (
				"${PODS_ROOT}/Target Support Files/Pods-FootballLeague-FootballLeagueUITests/Pods-FootballLeague-FootballLeagueUITests-frameworks-${CONFIGURATION}-output-files.xcfilelist",
			);
			runOnlyForDeploymentPostprocessing = 0;
			shellPath = /bin/sh;
			shellScript = "\"${PODS_ROOT}/Target Support Files/Pods-FootballLeague-FootballLeagueUITests/Pods-FootballLeague-FootballLeagueUITests-frameworks.sh\"\n";
			showEnvVarsInLog = 0;
		};
		A81186789C710CC1F63CF4C0 /* [CP] Check Pods Manifest.lock */ = {
			isa = PBXShellScriptBuildPhase;
			buildActionMask = 2147483647;
			files = (
			);
			inputFileListPaths = (
			);
			inputPaths = (
				"${PODS_PODFILE_DIR_PATH}/Podfile.lock",
				"${PODS_ROOT}/Manifest.lock",
			);
			name = "[CP] Check Pods Manifest.lock";
			outputFileListPaths = (
			);
			outputPaths = (
				"$(DERIVED_FILE_DIR)/Pods-FootballLeague-FootballLeagueUITests-checkManifestLockResult.txt",
			);
			runOnlyForDeploymentPostprocessing = 0;
			shellPath = /bin/sh;
			shellScript = "diff \"${PODS_PODFILE_DIR_PATH}/Podfile.lock\" \"${PODS_ROOT}/Manifest.lock\" > /dev/null\nif [ $? != 0 ] ; then\n    # print error to STDERR\n    echo \"error: The sandbox is not in sync with the Podfile.lock. Run 'pod install' or update your CocoaPods installation.\" >&2\n    exit 1\nfi\n# This output is used by Xcode 'outputs' to avoid re-running this script phase.\necho \"SUCCESS\" > \"${SCRIPT_OUTPUT_FILE_0}\"\n";
			showEnvVarsInLog = 0;
		};
/* End PBXShellScriptBuildPhase section */

/* Begin PBXSourcesBuildPhase section */
		446AF15F2551E37F001184D4 /* Sources */ = {
			isa = PBXSourcesBuildPhase;
			buildActionMask = 2147483647;
			files = (
				44D831442551F4820013FF4D /* Team.swift in Sources */,
				446AF1672551E37F001184D4 /* AppDelegate.swift in Sources */,
				44D831342551F1440013FF4D /* TeamsViewController.swift in Sources */,
				44D8311C2551F04B0013FF4D /* Router.swift in Sources */,
				44D8314A2551F5420013FF4D /* ActivityIndicator.swift in Sources */,
				44D8311B2551F04B0013FF4D /* Request.swift in Sources */,
				44D8313C2551F35F0013FF4D /* TeamCollectionCell.swift in Sources */,
			);
			runOnlyForDeploymentPostprocessing = 0;
		};
		446AF1752551E380001184D4 /* Sources */ = {
			isa = PBXSourcesBuildPhase;
			buildActionMask = 2147483647;
			files = (
				446AF17E2551E380001184D4 /* FootballLeagueTests.swift in Sources */,
			);
			runOnlyForDeploymentPostprocessing = 0;
		};
		446AF1802551E380001184D4 /* Sources */ = {
			isa = PBXSourcesBuildPhase;
			buildActionMask = 2147483647;
			files = (
				446AF1892551E380001184D4 /* FootballLeagueUITests.swift in Sources */,
			);
			runOnlyForDeploymentPostprocessing = 0;
		};
/* End PBXSourcesBuildPhase section */

/* Begin PBXTargetDependency section */
		446AF17B2551E380001184D4 /* PBXTargetDependency */ = {
			isa = PBXTargetDependency;
			target = 446AF1622551E37F001184D4 /* FootballLeague */;
			targetProxy = 446AF17A2551E380001184D4 /* PBXContainerItemProxy */;
		};
		446AF1862551E380001184D4 /* PBXTargetDependency */ = {
			isa = PBXTargetDependency;
			target = 446AF1622551E37F001184D4 /* FootballLeague */;
			targetProxy = 446AF1852551E380001184D4 /* PBXContainerItemProxy */;
		};
/* End PBXTargetDependency section */

/* Begin PBXVariantGroup section */
		446AF1712551E380001184D4 /* LaunchScreen.storyboard */ = {
			isa = PBXVariantGroup;
			children = (
				446AF1722551E380001184D4 /* Base */,
			);
			name = LaunchScreen.storyboard;
			sourceTree = "<group>";
		};
/* End PBXVariantGroup section */

/* Begin XCBuildConfiguration section */
		446AF18B2551E380001184D4 /* Debug */ = {
			isa = XCBuildConfiguration;
			buildSettings = {
				ALWAYS_SEARCH_USER_PATHS = NO;
				CLANG_ANALYZER_NONNULL = YES;
				CLANG_ANALYZER_NUMBER_OBJECT_CONVERSION = YES_AGGRESSIVE;
				CLANG_CXX_LANGUAGE_STANDARD = "gnu++14";
				CLANG_CXX_LIBRARY = "libc++";
				CLANG_ENABLE_MODULES = YES;
				CLANG_ENABLE_OBJC_ARC = YES;
				CLANG_ENABLE_OBJC_WEAK = YES;
				CLANG_WARN_BLOCK_CAPTURE_AUTORELEASING = YES;
				CLANG_WARN_BOOL_CONVERSION = YES;
				CLANG_WARN_COMMA = YES;
				CLANG_WARN_CONSTANT_CONVERSION = YES;
				CLANG_WARN_DEPRECATED_OBJC_IMPLEMENTATIONS = YES;
				CLANG_WARN_DIRECT_OBJC_ISA_USAGE = YES_ERROR;
				CLANG_WARN_DOCUMENTATION_COMMENTS = YES;
				CLANG_WARN_EMPTY_BODY = YES;
				CLANG_WARN_ENUM_CONVERSION = YES;
				CLANG_WARN_INFINITE_RECURSION = YES;
				CLANG_WARN_INT_CONVERSION = YES;
				CLANG_WARN_NON_LITERAL_NULL_CONVERSION = YES;
				CLANG_WARN_OBJC_IMPLICIT_RETAIN_SELF = YES;
				CLANG_WARN_OBJC_LITERAL_CONVERSION = YES;
				CLANG_WARN_OBJC_ROOT_CLASS = YES_ERROR;
				CLANG_WARN_QUOTED_INCLUDE_IN_FRAMEWORK_HEADER = YES;
				CLANG_WARN_RANGE_LOOP_ANALYSIS = YES;
				CLANG_WARN_STRICT_PROTOTYPES = YES;
				CLANG_WARN_SUSPICIOUS_MOVE = YES;
				CLANG_WARN_UNGUARDED_AVAILABILITY = YES_AGGRESSIVE;
				CLANG_WARN_UNREACHABLE_CODE = YES;
				CLANG_WARN__DUPLICATE_METHOD_MATCH = YES;
				COPY_PHASE_STRIP = NO;
				DEBUG_INFORMATION_FORMAT = dwarf;
				ENABLE_STRICT_OBJC_MSGSEND = YES;
				ENABLE_TESTABILITY = YES;
				GCC_C_LANGUAGE_STANDARD = gnu11;
				GCC_DYNAMIC_NO_PIC = NO;
				GCC_NO_COMMON_BLOCKS = YES;
				GCC_OPTIMIZATION_LEVEL = 0;
				GCC_PREPROCESSOR_DEFINITIONS = (
					"DEBUG=1",
					"$(inherited)",
				);
				GCC_WARN_64_TO_32_BIT_CONVERSION = YES;
				GCC_WARN_ABOUT_RETURN_TYPE = YES_ERROR;
				GCC_WARN_UNDECLARED_SELECTOR = YES;
				GCC_WARN_UNINITIALIZED_AUTOS = YES_AGGRESSIVE;
				GCC_WARN_UNUSED_FUNCTION = YES;
				GCC_WARN_UNUSED_VARIABLE = YES;
				IPHONEOS_DEPLOYMENT_TARGET = 14.0;
				MTL_ENABLE_DEBUG_INFO = INCLUDE_SOURCE;
				MTL_FAST_MATH = YES;
				ONLY_ACTIVE_ARCH = YES;
				SDKROOT = iphoneos;
				SWIFT_ACTIVE_COMPILATION_CONDITIONS = DEBUG;
				SWIFT_OPTIMIZATION_LEVEL = "-Onone";
			};
			name = Debug;
		};
		446AF18C2551E380001184D4 /* Release */ = {
			isa = XCBuildConfiguration;
			buildSettings = {
				ALWAYS_SEARCH_USER_PATHS = NO;
				CLANG_ANALYZER_NONNULL = YES;
				CLANG_ANALYZER_NUMBER_OBJECT_CONVERSION = YES_AGGRESSIVE;
				CLANG_CXX_LANGUAGE_STANDARD = "gnu++14";
				CLANG_CXX_LIBRARY = "libc++";
				CLANG_ENABLE_MODULES = YES;
				CLANG_ENABLE_OBJC_ARC = YES;
				CLANG_ENABLE_OBJC_WEAK = YES;
				CLANG_WARN_BLOCK_CAPTURE_AUTORELEASING = YES;
				CLANG_WARN_BOOL_CONVERSION = YES;
				CLANG_WARN_COMMA = YES;
				CLANG_WARN_CONSTANT_CONVERSION = YES;
				CLANG_WARN_DEPRECATED_OBJC_IMPLEMENTATIONS = YES;
				CLANG_WARN_DIRECT_OBJC_ISA_USAGE = YES_ERROR;
				CLANG_WARN_DOCUMENTATION_COMMENTS = YES;
				CLANG_WARN_EMPTY_BODY = YES;
				CLANG_WARN_ENUM_CONVERSION = YES;
				CLANG_WARN_INFINITE_RECURSION = YES;
				CLANG_WARN_INT_CONVERSION = YES;
				CLANG_WARN_NON_LITERAL_NULL_CONVERSION = YES;
				CLANG_WARN_OBJC_IMPLICIT_RETAIN_SELF = YES;
				CLANG_WARN_OBJC_LITERAL_CONVERSION = YES;
				CLANG_WARN_OBJC_ROOT_CLASS = YES_ERROR;
				CLANG_WARN_QUOTED_INCLUDE_IN_FRAMEWORK_HEADER = YES;
				CLANG_WARN_RANGE_LOOP_ANALYSIS = YES;
				CLANG_WARN_STRICT_PROTOTYPES = YES;
				CLANG_WARN_SUSPICIOUS_MOVE = YES;
				CLANG_WARN_UNGUARDED_AVAILABILITY = YES_AGGRESSIVE;
				CLANG_WARN_UNREACHABLE_CODE = YES;
				CLANG_WARN__DUPLICATE_METHOD_MATCH = YES;
				COPY_PHASE_STRIP = NO;
				DEBUG_INFORMATION_FORMAT = "dwarf-with-dsym";
				ENABLE_NS_ASSERTIONS = NO;
				ENABLE_STRICT_OBJC_MSGSEND = YES;
				GCC_C_LANGUAGE_STANDARD = gnu11;
				GCC_NO_COMMON_BLOCKS = YES;
				GCC_WARN_64_TO_32_BIT_CONVERSION = YES;
				GCC_WARN_ABOUT_RETURN_TYPE = YES_ERROR;
				GCC_WARN_UNDECLARED_SELECTOR = YES;
				GCC_WARN_UNINITIALIZED_AUTOS = YES_AGGRESSIVE;
				GCC_WARN_UNUSED_FUNCTION = YES;
				GCC_WARN_UNUSED_VARIABLE = YES;
				IPHONEOS_DEPLOYMENT_TARGET = 14.0;
				MTL_ENABLE_DEBUG_INFO = NO;
				MTL_FAST_MATH = YES;
				SDKROOT = iphoneos;
				SWIFT_COMPILATION_MODE = wholemodule;
				SWIFT_OPTIMIZATION_LEVEL = "-O";
				VALIDATE_PRODUCT = YES;
			};
			name = Release;
		};
		446AF18E2551E380001184D4 /* Debug */ = {
			isa = XCBuildConfiguration;
			baseConfigurationReference = E25AF9FE040284F7ABE76B1F /* Pods-FootballLeague.debug.xcconfig */;
			buildSettings = {
				ASSETCATALOG_COMPILER_APPICON_NAME = AppIcon;
				ASSETCATALOG_COMPILER_GLOBAL_ACCENT_COLOR_NAME = AccentColor;
				CODE_SIGN_STYLE = Automatic;
				INFOPLIST_FILE = FootballLeague/Info.plist;
				LD_RUNPATH_SEARCH_PATHS = (
					"$(inherited)",
					"@executable_path/Frameworks",
				);
				PRODUCT_BUNDLE_IDENTIFIER = Com.Orcas.FootballLeague;
				PRODUCT_NAME = "$(TARGET_NAME)";
				SWIFT_VERSION = 5.0;
				TARGETED_DEVICE_FAMILY = "1,2";
			};
			name = Debug;
		};
		446AF18F2551E380001184D4 /* Release */ = {
			isa = XCBuildConfiguration;
			baseConfigurationReference = F6C1246FC95D7D63D479C1FB /* Pods-FootballLeague.release.xcconfig */;
			buildSettings = {
				ASSETCATALOG_COMPILER_APPICON_NAME = AppIcon;
				ASSETCATALOG_COMPILER_GLOBAL_ACCENT_COLOR_NAME = AccentColor;
				CODE_SIGN_STYLE = Automatic;
				INFOPLIST_FILE = FootballLeague/Info.plist;
				LD_RUNPATH_SEARCH_PATHS = (
					"$(inherited)",
					"@executable_path/Frameworks",
				);
				PRODUCT_BUNDLE_IDENTIFIER = Com.Orcas.FootballLeague;
				PRODUCT_NAME = "$(TARGET_NAME)";
				SWIFT_VERSION = 5.0;
				TARGETED_DEVICE_FAMILY = "1,2";
			};
			name = Release;
		};
		446AF1912551E380001184D4 /* Debug */ = {
			isa = XCBuildConfiguration;
			baseConfigurationReference = A08615DCD57E6D603AD30737 /* Pods-FootballLeagueTests.debug.xcconfig */;
			buildSettings = {
				ALWAYS_EMBED_SWIFT_STANDARD_LIBRARIES = YES;
				BUNDLE_LOADER = "$(TEST_HOST)";
				CODE_SIGN_STYLE = Automatic;
				INFOPLIST_FILE = FootballLeagueTests/Info.plist;
				IPHONEOS_DEPLOYMENT_TARGET = 14.0;
				LD_RUNPATH_SEARCH_PATHS = (
					"$(inherited)",
					"@executable_path/Frameworks",
					"@loader_path/Frameworks",
				);
				PRODUCT_BUNDLE_IDENTIFIER = Com.Orcas.FootballLeagueTests;
				PRODUCT_NAME = "$(TARGET_NAME)";
				SWIFT_VERSION = 5.0;
				TARGETED_DEVICE_FAMILY = "1,2";
				TEST_HOST = "$(BUILT_PRODUCTS_DIR)/FootballLeague.app/FootballLeague";
			};
			name = Debug;
		};
		446AF1922551E380001184D4 /* Release */ = {
			isa = XCBuildConfiguration;
			baseConfigurationReference = 52507B5952BC994972D167E8 /* Pods-FootballLeagueTests.release.xcconfig */;
			buildSettings = {
				ALWAYS_EMBED_SWIFT_STANDARD_LIBRARIES = YES;
				BUNDLE_LOADER = "$(TEST_HOST)";
				CODE_SIGN_STYLE = Automatic;
				INFOPLIST_FILE = FootballLeagueTests/Info.plist;
				IPHONEOS_DEPLOYMENT_TARGET = 14.0;
				LD_RUNPATH_SEARCH_PATHS = (
					"$(inherited)",
					"@executable_path/Frameworks",
					"@loader_path/Frameworks",
				);
				PRODUCT_BUNDLE_IDENTIFIER = Com.Orcas.FootballLeagueTests;
				PRODUCT_NAME = "$(TARGET_NAME)";
				SWIFT_VERSION = 5.0;
				TARGETED_DEVICE_FAMILY = "1,2";
				TEST_HOST = "$(BUILT_PRODUCTS_DIR)/FootballLeague.app/FootballLeague";
			};
			name = Release;
		};
		446AF1942551E380001184D4 /* Debug */ = {
			isa = XCBuildConfiguration;
			baseConfigurationReference = 4348DA1D090C8090C437D4F5 /* Pods-FootballLeague-FootballLeagueUITests.debug.xcconfig */;
			buildSettings = {
				ALWAYS_EMBED_SWIFT_STANDARD_LIBRARIES = YES;
				CODE_SIGN_STYLE = Automatic;
				INFOPLIST_FILE = FootballLeagueUITests/Info.plist;
				LD_RUNPATH_SEARCH_PATHS = (
					"$(inherited)",
					"@executable_path/Frameworks",
					"@loader_path/Frameworks",
				);
				PRODUCT_BUNDLE_IDENTIFIER = Com.Orcas.FootballLeagueUITests;
				PRODUCT_NAME = "$(TARGET_NAME)";
				SWIFT_VERSION = 5.0;
				TARGETED_DEVICE_FAMILY = "1,2";
				TEST_TARGET_NAME = FootballLeague;
			};
			name = Debug;
		};
		446AF1952551E380001184D4 /* Release */ = {
			isa = XCBuildConfiguration;
			baseConfigurationReference = 89FF69BFF7163D73CD9D50C1 /* Pods-FootballLeague-FootballLeagueUITests.release.xcconfig */;
			buildSettings = {
				ALWAYS_EMBED_SWIFT_STANDARD_LIBRARIES = YES;
				CODE_SIGN_STYLE = Automatic;
				INFOPLIST_FILE = FootballLeagueUITests/Info.plist;
				LD_RUNPATH_SEARCH_PATHS = (
					"$(inherited)",
					"@executable_path/Frameworks",
					"@loader_path/Frameworks",
				);
				PRODUCT_BUNDLE_IDENTIFIER = Com.Orcas.FootballLeagueUITests;
				PRODUCT_NAME = "$(TARGET_NAME)";
				SWIFT_VERSION = 5.0;
				TARGETED_DEVICE_FAMILY = "1,2";
				TEST_TARGET_NAME = FootballLeague;
			};
			name = Release;
		};
/* End XCBuildConfiguration section */

/* Begin XCConfigurationList section */
		446AF15E2551E37F001184D4 /* Build configuration list for PBXProject "FootballLeague" */ = {
			isa = XCConfigurationList;
			buildConfigurations = (
				446AF18B2551E380001184D4 /* Debug */,
				446AF18C2551E380001184D4 /* Release */,
			);
			defaultConfigurationIsVisible = 0;
			defaultConfigurationName = Release;
		};
		446AF18D2551E380001184D4 /* Build configuration list for PBXNativeTarget "FootballLeague" */ = {
			isa = XCConfigurationList;
			buildConfigurations = (
				446AF18E2551E380001184D4 /* Debug */,
				446AF18F2551E380001184D4 /* Release */,
			);
			defaultConfigurationIsVisible = 0;
			defaultConfigurationName = Release;
		};
		446AF1902551E380001184D4 /* Build configuration list for PBXNativeTarget "FootballLeagueTests" */ = {
			isa = XCConfigurationList;
			buildConfigurations = (
				446AF1912551E380001184D4 /* Debug */,
				446AF1922551E380001184D4 /* Release */,
			);
			defaultConfigurationIsVisible = 0;
			defaultConfigurationName = Release;
		};
		446AF1932551E380001184D4 /* Build configuration list for PBXNativeTarget "FootballLeagueUITests" */ = {
			isa = XCConfigurationList;
			buildConfigurations = (
				446AF1942551E380001184D4 /* Debug */,
				446AF1952551E380001184D4 /* Release */,
			);
			defaultConfigurationIsVisible = 0;
			defaultConfigurationName = Release;
		};
/* End XCConfigurationList section */
	};
	rootObject = 446AF15B2551E37F001184D4 /* Project object */;
}
